
Microsoft Visual Studio Solution File, Format Version 10.00
# Visual Studio 2008
Project("{8BC9CEB8-8B4A-11D0-8D11-00A0C91BC942}") = "RayTracer", "RayTracer\RayTracer.vcproj", "{22D2B0A4-9688-41DD-91C6-A5C5A4649812}"
EndProject
Project("{8BC9CEB8-8B4A-11D0-8D11-00A0C91BC942}") = "libst", "..\libst\vc2008\libst.vcproj", "{7FD037CD-7D78-4096-A827-0A7E6642FF74}"
EndProject
Global
	GlobalSection(SolutionConfigurationPlatforms) = preSolution
		Debug|Win32 = Debug|Win32
		Release|Win32 = Release|Win32
	EndGlobalSection
	GlobalSection(ProjectConfigurationPlatforms) = postSolution
		{22D2B0A4-9688-41DD-91C6-A5C5A4649812}.Debug|Win32.ActiveCfg = Debug|Win32
		{22D2B0A4-9688-41DD-91C6-A5C5A4649812}.Debug|Win32.Build.0 = Debug|Win32
		{22D2B0A4-9688-41DD-91C6-A5C5A4649812}.Release|Win32.ActiveCfg = Release|Win32
		{22D2B0A4-9688-41DD-91C6-A5C5A4649812}.Release|Win32.Build.0 = Release|Win32
		{7FD037CD-7D78-4096-A827-0A7E6642FF74}.Debug|Win32.ActiveCfg = Debug|Win32
		{7FD037CD-7D78-4096-A827-0A7E6642FF74}.Debug|Win32.Build.0 = Debug|Win32
		{7FD037CD-7D78-4096-A827-0A7E6642FF74}.Release|Win32.ActiveCfg = Release|Win32
		{7FD037CD-7D78-4096-A827-0A7E6642FF74}.Release|Win32.Build.0 = Release|Win32
	EndGlobalSection
	GlobalSection(SolutionProperties) = preSolution
		HideSolutionNode = FALSE
	EndGlobalSection
EndGlobal
